// !$*UTF8*$!
{
	archiveVersion = 1;
	classes = {
	};
	objectVersion = 46;
	objects = {

/* Begin PBXBuildFile section */
		0A4E2FBE1CB743DC002259E5 /* opencv2.framework in Frameworks */ = {isa = PBXBuildFile; fileRef = 0A4E2FBD1CB743DC002259E5 /* opencv2.framework */; };
		0A9B65B51CA4CDDF0050BC62 /* cameraPhoto.swift in Sources */ = {isa = PBXBuildFile; fileRef = 0A9B65B41CA4CDDF0050BC62 /* cameraPhoto.swift */; };
		218E93EC1C9799ED005C4F35 /* AppDelegate.swift in Sources */ = {isa = PBXBuildFile; fileRef = 218E93EB1C9799ED005C4F35 /* AppDelegate.swift */; };
		218E93EE1C9799ED005C4F35 /* ViewController.swift in Sources */ = {isa = PBXBuildFile; fileRef = 218E93ED1C9799ED005C4F35 /* ViewController.swift */; };
		218E93F11C9799ED005C4F35 /* Main.storyboard in Resources */ = {isa = PBXBuildFile; fileRef = 218E93EF1C9799ED005C4F35 /* Main.storyboard */; settings = {ASSET_TAGS = (0, ); }; };
		218E93F31C9799ED005C4F35 /* Assets.xcassets in Resources */ = {isa = PBXBuildFile; fileRef = 218E93F21C9799ED005C4F35 /* Assets.xcassets */; };
		218E93F61C9799ED005C4F35 /* LaunchScreen.storyboard in Resources */ = {isa = PBXBuildFile; fileRef = 218E93F41C9799ED005C4F35 /* LaunchScreen.storyboard */; };
		218E94011C9799ED005C4F35 /* PCEv1_0_4Tests.swift in Sources */ = {isa = PBXBuildFile; fileRef = 218E94001C9799ED005C4F35 /* PCEv1_0_4Tests.swift */; };
		218E940C1C9799ED005C4F35 /* PCEv1_0_4UITests.swift in Sources */ = {isa = PBXBuildFile; fileRef = 218E940B1C9799ED005C4F35 /* PCEv1_0_4UITests.swift */; };
		218E941C1C979A2C005C4F35 /* AVFoundation.framework in Frameworks */ = {isa = PBXBuildFile; fileRef = 218E941B1C979A2C005C4F35 /* AVFoundation.framework */; };
		218E94201C979B3E005C4F35 /* opencv.mm in Sources */ = {isa = PBXBuildFile; fileRef = 218E941F1C979B3E005C4F35 /* opencv.mm */; };
		218E94221C979C28005C4F35 /* cameraPeople.swift in Sources */ = {isa = PBXBuildFile; fileRef = 218E94211C979C28005C4F35 /* cameraPeople.swift */; };
		21FDCDC11CB6AF4E00685495 /* haarcascade_frontalface_alt2.xml in Resources */ = {isa = PBXBuildFile; fileRef = 21FDCDC01CB6AF4E00685495 /* haarcascade_frontalface_alt2.xml */; };
		21FDCDC91CB6B03800685495 /* third_svm.xml in Resources */ = {isa = PBXBuildFile; fileRef = 21FDCDC21CB6B03800685495 /* third_svm.xml */; };
		21FDCDCA1CB6B03800685495 /* mid_KNN.xml in Resources */ = {isa = PBXBuildFile; fileRef = 21FDCDC31CB6B03800685495 /* mid_KNN.xml */; };
		21FDCDCB1CB6B03800685495 /* third_KNN.xml in Resources */ = {isa = PBXBuildFile; fileRef = 21FDCDC41CB6B03800685495 /* third_KNN.xml */; };
		21FDCDCC1CB6B03800685495 /* third_logistic.xml in Resources */ = {isa = PBXBuildFile; fileRef = 21FDCDC51CB6B03800685495 /* third_logistic.xml */; };
		21FDCDCD1CB6B03800685495 /* third_NBC.xml in Resources */ = {isa = PBXBuildFile; fileRef = 21FDCDC61CB6B03800685495 /* third_NBC.xml */; };
		21FDCDCE1CB6B03800685495 /* mid_NBC.xml in Resources */ = {isa = PBXBuildFile; fileRef = 21FDCDC71CB6B03800685495 /* mid_NBC.xml */; };
		21FDCDCF1CB6B03800685495 /* pca.xml in Resources */ = {isa = PBXBuildFile; fileRef = 21FDCDC81CB6B03800685495 /* pca.xml */; };
/* End PBXBuildFile section */

/* Begin PBXContainerItemProxy section */
		218E93FD1C9799ED005C4F35 /* PBXContainerItemProxy */ = {
			isa = PBXContainerItemProxy;
			containerPortal = 218E93E01C9799ED005C4F35 /* Project object */;
			proxyType = 1;
			remoteGlobalIDString = 218E93E71C9799ED005C4F35;
			remoteInfo = PCEv1.0.4;
		};
		218E94081C9799ED005C4F35 /* PBXContainerItemProxy */ = {
			isa = PBXContainerItemProxy;
			containerPortal = 218E93E01C9799ED005C4F35 /* Project object */;
			proxyType = 1;
			remoteGlobalIDString = 218E93E71C9799ED005C4F35;
			remoteInfo = PCEv1.0.4;
		};
/* End PBXContainerItemProxy section */

/* Begin PBXFileReference section */
		0A4E2FBD1CB743DC002259E5 /* opencv2.framework */ = {isa = PBXFileReference; lastKnownFileType = wrapper.framework; path = opencv2.framework; sourceTree = "<group>"; };
		0A9B65B41CA4CDDF0050BC62 /* cameraPhoto.swift */ = {isa = PBXFileReference; fileEncoding = 4; lastKnownFileType = sourcecode.swift; path = cameraPhoto.swift; sourceTree = "<group>"; };
		218E93E81C9799ED005C4F35 /* PCE相机.app */ = {isa = PBXFileReference; explicitFileType = wrapper.application; includeInIndex = 0; path = "PCE相机.app"; sourceTree = BUILT_PRODUCTS_DIR; };
		218E93EB1C9799ED005C4F35 /* AppDelegate.swift */ = {isa = PBXFileReference; lastKnownFileType = sourcecode.swift; path = AppDelegate.swift; sourceTree = "<group>"; };
		218E93ED1C9799ED005C4F35 /* ViewController.swift */ = {isa = PBXFileReference; lastKnownFileType = sourcecode.swift; path = ViewController.swift; sourceTree = "<group>"; };
		218E93F01C9799ED005C4F35 /* Base */ = {isa = PBXFileReference; lastKnownFileType = file.storyboard; name = Base; path = Base.lproj/Main.storyboard; sourceTree = "<group>"; };
		218E93F21C9799ED005C4F35 /* Assets.xcassets */ = {isa = PBXFileReference; lastKnownFileType = folder.assetcatalog; path = Assets.xcassets; sourceTree = "<group>"; };
		218E93F51C9799ED005C4F35 /* Base */ = {isa = PBXFileReference; lastKnownFileType = file.storyboard; name = Base; path = Base.lproj/LaunchScreen.storyboard; sourceTree = "<group>"; };
		218E93F71C9799ED005C4F35 /* Info.plist */ = {isa = PBXFileReference; lastKnownFileType = text.plist.xml; path = Info.plist; sourceTree = "<group>"; };
		218E93FC1C9799ED005C4F35 /* PCE相机.xctest */ = {isa = PBXFileReference; explicitFileType = wrapper.cfbundle; includeInIndex = 0; path = "PCE相机.xctest"; sourceTree = BUILT_PRODUCTS_DIR; };
		218E94001C9799ED005C4F35 /* PCEv1_0_4Tests.swift */ = {isa = PBXFileReference; lastKnownFileType = sourcecode.swift; path = PCEv1_0_4Tests.swift; sourceTree = "<group>"; };
		218E94021C9799ED005C4F35 /* Info.plist */ = {isa = PBXFileReference; lastKnownFileType = text.plist.xml; path = Info.plist; sourceTree = "<group>"; };
		218E94071C9799ED005C4F35 /* PCE相机.xctest */ = {isa = PBXFileReference; explicitFileType = wrapper.cfbundle; includeInIndex = 0; path = "PCE相机.xctest"; sourceTree = BUILT_PRODUCTS_DIR; };
		218E940B1C9799ED005C4F35 /* PCEv1_0_4UITests.swift */ = {isa = PBXFileReference; lastKnownFileType = sourcecode.swift; path = PCEv1_0_4UITests.swift; sourceTree = "<group>"; };
		218E940D1C9799ED005C4F35 /* Info.plist */ = {isa = PBXFileReference; lastKnownFileType = text.plist.xml; path = Info.plist; sourceTree = "<group>"; };
		218E941B1C979A2C005C4F35 /* AVFoundation.framework */ = {isa = PBXFileReference; lastKnownFileType = wrapper.framework; name = AVFoundation.framework; path = System/Library/Frameworks/AVFoundation.framework; sourceTree = SDKROOT; };
		218E941D1C979B3E005C4F35 /* PCEv1.0.4-Bridging-Header.h */ = {isa = PBXFileReference; lastKnownFileType = sourcecode.c.h; path = "PCEv1.0.4-Bridging-Header.h"; sourceTree = "<group>"; };
		218E941E1C979B3E005C4F35 /* opencv.h */ = {isa = PBXFileReference; fileEncoding = 4; lastKnownFileType = sourcecode.c.h; path = opencv.h; sourceTree = "<group>"; };
		218E941F1C979B3E005C4F35 /* opencv.mm */ = {isa = PBXFileReference; fileEncoding = 4; lastKnownFileType = sourcecode.cpp.objcpp; path = opencv.mm; sourceTree = "<group>"; };
		218E94211C979C28005C4F35 /* cameraPeople.swift */ = {isa = PBXFileReference; fileEncoding = 4; lastKnownFileType = sourcecode.swift; path = cameraPeople.swift; sourceTree = "<group>"; };
		21FDCDC01CB6AF4E00685495 /* haarcascade_frontalface_alt2.xml */ = {isa = PBXFileReference; fileEncoding = 4; lastKnownFileType = text.xml; name = haarcascade_frontalface_alt2.xml; path = PCEv1.0.4/haarcascade_frontalface_alt2.xml; sourceTree = "<group>"; };
		21FDCDC21CB6B03800685495 /* third_svm.xml */ = {isa = PBXFileReference; fileEncoding = 4; lastKnownFileType = text.xml; name = third_svm.xml; path = PCEv1.0.4/third_svm.xml; sourceTree = "<group>"; };
		21FDCDC31CB6B03800685495 /* mid_KNN.xml */ = {isa = PBXFileReference; fileEncoding = 4; lastKnownFileType = text.xml; name = mid_KNN.xml; path = PCEv1.0.4/mid_KNN.xml; sourceTree = "<group>"; };
		21FDCDC41CB6B03800685495 /* third_KNN.xml */ = {isa = PBXFileReference; fileEncoding = 4; lastKnownFileType = text.xml; name = third_KNN.xml; path = PCEv1.0.4/third_KNN.xml; sourceTree = "<group>"; };
		21FDCDC51CB6B03800685495 /* third_logistic.xml */ = {isa = PBXFileReference; fileEncoding = 4; lastKnownFileType = text.xml; name = third_logistic.xml; path = PCEv1.0.4/third_logistic.xml; sourceTree = "<group>"; };
		21FDCDC61CB6B03800685495 /* third_NBC.xml */ = {isa = PBXFileReference; fileEncoding = 4; lastKnownFileType = text.xml; name = third_NBC.xml; path = PCEv1.0.4/third_NBC.xml; sourceTree = "<group>"; };
		21FDCDC71CB6B03800685495 /* mid_NBC.xml */ = {isa = PBXFileReference; fileEncoding = 4; lastKnownFileType = text.xml; name = mid_NBC.xml; path = PCEv1.0.4/mid_NBC.xml; sourceTree = "<group>"; };
		21FDCDC81CB6B03800685495 /* pca.xml */ = {isa = PBXFileReference; fileEncoding = 4; lastKnownFileType = text.xml; name = pca.xml; path = PCEv1.0.4/pca.xml; sourceTree = "<group>"; };
/* End PBXFileReference section */

/* Begin PBXFrameworksBuildPhase section */
		218E93E51C9799ED005C4F35 /* Frameworks */ = {
			isa = PBXFrameworksBuildPhase;
			buildActionMask = 2147483647;
			files = (
				0A4E2FBE1CB743DC002259E5 /* opencv2.framework in Frameworks */,
				218E941C1C979A2C005C4F35 /* AVFoundation.framework in Frameworks */,
			);
			runOnlyForDeploymentPostprocessing = 0;
		};
		218E93F91C9799ED005C4F35 /* Frameworks */ = {
			isa = PBXFrameworksBuildPhase;
			buildActionMask = 2147483647;
			files = (
			);
			runOnlyForDeploymentPostprocessing = 0;
		};
		218E94041C9799ED005C4F35 /* Frameworks */ = {
			isa = PBXFrameworksBuildPhase;
			buildActionMask = 2147483647;
			files = (
			);
			runOnlyForDeploymentPostprocessing = 0;
		};
/* End PBXFrameworksBuildPhase section */

/* Begin PBXGroup section */
		218E93DF1C9799ED005C4F35 = {
			isa = PBXGroup;
			children = (
				0A4E2FBD1CB743DC002259E5 /* opencv2.framework */,
				21FDCDC21CB6B03800685495 /* third_svm.xml */,
				21FDCDC31CB6B03800685495 /* mid_KNN.xml */,
				21FDCDC41CB6B03800685495 /* third_KNN.xml */,
				21FDCDC51CB6B03800685495 /* third_logistic.xml */,
				21FDCDC61CB6B03800685495 /* third_NBC.xml */,
				21FDCDC71CB6B03800685495 /* mid_NBC.xml */,
				21FDCDC81CB6B03800685495 /* pca.xml */,
				21FDCDC01CB6AF4E00685495 /* haarcascade_frontalface_alt2.xml */,
				218E941B1C979A2C005C4F35 /* AVFoundation.framework */,
				218E93EA1C9799ED005C4F35 /* PCEv1.0.4 */,
				218E93FF1C9799ED005C4F35 /* PCEv1.0.4Tests */,
				218E940A1C9799ED005C4F35 /* PCEv1.0.4UITests */,
				218E93E91C9799ED005C4F35 /* Products */,
			);
			sourceTree = "<group>";
		};
		218E93E91C9799ED005C4F35 /* Products */ = {
			isa = PBXGroup;
			children = (
				218E93E81C9799ED005C4F35 /* PCE相机.app */,
				218E93FC1C9799ED005C4F35 /* PCE相机.xctest */,
				218E94071C9799ED005C4F35 /* PCE相机.xctest */,
			);
			name = Products;
			sourceTree = "<group>";
		};
		218E93EA1C9799ED005C4F35 /* PCEv1.0.4 */ = {
			isa = PBXGroup;
			children = (
				218E93EB1C9799ED005C4F35 /* AppDelegate.swift */,
				218E93ED1C9799ED005C4F35 /* ViewController.swift */,
				218E93EF1C9799ED005C4F35 /* Main.storyboard */,
				218E941E1C979B3E005C4F35 /* opencv.h */,
				218E941F1C979B3E005C4F35 /* opencv.mm */,
				218E93F21C9799ED005C4F35 /* Assets.xcassets */,
				218E93F41C9799ED005C4F35 /* LaunchScreen.storyboard */,
				218E93F71C9799ED005C4F35 /* Info.plist */,
				218E941D1C979B3E005C4F35 /* PCEv1.0.4-Bridging-Header.h */,
				218E94211C979C28005C4F35 /* cameraPeople.swift */,
				0A9B65B41CA4CDDF0050BC62 /* cameraPhoto.swift */,
			);
			path = PCEv1.0.4;
			sourceTree = "<group>";
		};
		218E93FF1C9799ED005C4F35 /* PCEv1.0.4Tests */ = {
			isa = PBXGroup;
			children = (
				218E94001C9799ED005C4F35 /* PCEv1_0_4Tests.swift */,
				218E94021C9799ED005C4F35 /* Info.plist */,
			);
			path = PCEv1.0.4Tests;
			sourceTree = "<group>";
		};
		218E940A1C9799ED005C4F35 /* PCEv1.0.4UITests */ = {
			isa = PBXGroup;
			children = (
				218E940B1C9799ED005C4F35 /* PCEv1_0_4UITests.swift */,
				218E940D1C9799ED005C4F35 /* Info.plist */,
			);
			path = PCEv1.0.4UITests;
			sourceTree = "<group>";
		};
/* End PBXGroup section */

/* Begin PBXNativeTarget section */
		218E93E71C9799ED005C4F35 /* PCE相机 */ = {
			isa = PBXNativeTarget;
			buildConfigurationList = 218E94101C9799ED005C4F35 /* Build configuration list for PBXNativeTarget "PCE相机" */;
			buildPhases = (
				218E93E41C9799ED005C4F35 /* Sources */,
				218E93E51C9799ED005C4F35 /* Frameworks */,
				218E93E61C9799ED005C4F35 /* Resources */,
			);
			buildRules = (
			);
			dependencies = (
			);
			name = "PCE相机";
			productName = PCEv1.0.4;
			productReference = 218E93E81C9799ED005C4F35 /* PCE相机.app */;
			productType = "com.apple.product-type.application";
		};
		218E93FB1C9799ED005C4F35 /* PCE相机Tests */ = {
			isa = PBXNativeTarget;
			buildConfigurationList = 218E94131C9799ED005C4F35 /* Build configuration list for PBXNativeTarget "PCE相机Tests" */;
			buildPhases = (
				218E93F81C9799ED005C4F35 /* Sources */,
				218E93F91C9799ED005C4F35 /* Frameworks */,
				218E93FA1C9799ED005C4F35 /* Resources */,
			);
			buildRules = (
			);
			dependencies = (
				218E93FE1C9799ED005C4F35 /* PBXTargetDependency */,
			);
			name = "PCE相机Tests";
			productName = PCEv1.0.4Tests;
			productReference = 218E93FC1C9799ED005C4F35 /* PCE相机.xctest */;
			productType = "com.apple.product-type.bundle.unit-test";
		};
		218E94061C9799ED005C4F35 /* PCE相机UITests */ = {
			isa = PBXNativeTarget;
			buildConfigurationList = 218E94161C9799ED005C4F35 /* Build configuration list for PBXNativeTarget "PCE相机UITests" */;
			buildPhases = (
				218E94031C9799ED005C4F35 /* Sources */,
				218E94041C9799ED005C4F35 /* Frameworks */,
				218E94051C9799ED005C4F35 /* Resources */,
			);
			buildRules = (
			);
			dependencies = (
				218E94091C9799ED005C4F35 /* PBXTargetDependency */,
			);
			name = "PCE相机UITests";
			productName = PCEv1.0.4UITests;
			productReference = 218E94071C9799ED005C4F35 /* PCE相机.xctest */;
			productType = "com.apple.product-type.bundle.ui-testing";
		};
/* End PBXNativeTarget section */

/* Begin PBXProject section */
		218E93E01C9799ED005C4F35 /* Project object */ = {
			isa = PBXProject;
			attributes = {
				KnownAssetTags = (
					0,
					1,
					2,
				);
				LastSwiftUpdateCheck = 0720;
				LastUpgradeCheck = 0720;
				ORGANIZATIONNAME = "王浩强";
				TargetAttributes = {
					218E93E71C9799ED005C4F35 = {
						CreatedOnToolsVersion = 7.2.1;
						DevelopmentTeam = D5HF3C53NT;
					};
					218E93FB1C9799ED005C4F35 = {
						CreatedOnToolsVersion = 7.2.1;
						DevelopmentTeam = D5HF3C53NT;
						TestTargetID = 218E93E71C9799ED005C4F35;
					};
					218E94061C9799ED005C4F35 = {
						CreatedOnToolsVersion = 7.2.1;
						DevelopmentTeam = D5HF3C53NT;
						TestTargetID = 218E93E71C9799ED005C4F35;
					};
				};
			};
			buildConfigurationList = 218E93E31C9799ED005C4F35 /* Build configuration list for PBXProject "PCE相机" */;
			compatibilityVersion = "Xcode 3.2";
			developmentRegion = English;
			hasScannedForEncodings = 0;
			knownRegions = (
				en,
				Base,
			);
			mainGroup = 218E93DF1C9799ED005C4F35;
			productRefGroup = 218E93E91C9799ED005C4F35 /* Products */;
			projectDirPath = "";
			projectRoot = "";
			targets = (
				218E93E71C9799ED005C4F35 /* PCE相机 */,
				218E93FB1C9799ED005C4F35 /* PCE相机Tests */,
				218E94061C9799ED005C4F35 /* PCE相机UITests */,
			);
		};
/* End PBXProject section */

/* Begin PBXResourcesBuildPhase section */
		218E93E61C9799ED005C4F35 /* Resources */ = {
			isa = PBXResourcesBuildPhase;
			buildActionMask = 2147483647;
			files = (
				218E93F61C9799ED005C4F35 /* LaunchScreen.storyboard in Resources */,
				21FDCDCC1CB6B03800685495 /* third_logistic.xml in Resources */,
				21FDCDCB1CB6B03800685495 /* third_KNN.xml in Resources */,
				218E93F31C9799ED005C4F35 /* Assets.xcassets in Resources */,
				21FDCDCA1CB6B03800685495 /* mid_KNN.xml in Resources */,
				21FDCDC11CB6AF4E00685495 /* haarcascade_frontalface_alt2.xml in Resources */,
				21FDCDCE1CB6B03800685495 /* mid_NBC.xml in Resources */,
				21FDCDCD1CB6B03800685495 /* third_NBC.xml in Resources */,
				21FDCDCF1CB6B03800685495 /* pca.xml in Resources */,
				218E93F11C9799ED005C4F35 /* Main.storyboard in Resources */,
				21FDCDC91CB6B03800685495 /* third_svm.xml in Resources */,
			);
			runOnlyForDeploymentPostprocessing = 0;
		};
		218E93FA1C9799ED005C4F35 /* Resources */ = {
			isa = PBXResourcesBuildPhase;
			buildActionMask = 2147483647;
			files = (
			);
			runOnlyForDeploymentPostprocessing = 0;
		};
		218E94051C9799ED005C4F35 /* Resources */ = {
			isa = PBXResourcesBuildPhase;
			buildActionMask = 2147483647;
			files = (
			);
			runOnlyForDeploymentPostprocessing = 0;
		};
/* End PBXResourcesBuildPhase section */

/* Begin PBXSourcesBuildPhase section */
		218E93E41C9799ED005C4F35 /* Sources */ = {
			isa = PBXSourcesBuildPhase;
			buildActionMask = 2147483647;
			files = (
				0A9B65B51CA4CDDF0050BC62 /* cameraPhoto.swift in Sources */,
				218E94201C979B3E005C4F35 /* opencv.mm in Sources */,
				218E93EE1C9799ED005C4F35 /* ViewController.swift in Sources */,
				218E93EC1C9799ED005C4F35 /* AppDelegate.swift in Sources */,
				218E94221C979C28005C4F35 /* cameraPeople.swift in Sources */,
			);
			runOnlyForDeploymentPostprocessing = 0;
		};
		218E93F81C9799ED005C4F35 /* Sources */ = {
			isa = PBXSourcesBuildPhase;
			buildActionMask = 2147483647;
			files = (
				218E94011C9799ED005C4F35 /* PCEv1_0_4Tests.swift in Sources */,
			);
			runOnlyForDeploymentPostprocessing = 0;
		};
		218E94031C9799ED005C4F35 /* Sources */ = {
			isa = PBXSourcesBuildPhase;
			buildActionMask = 2147483647;
			files = (
				218E940C1C9799ED005C4F35 /* PCEv1_0_4UITests.swift in Sources */,
			);
			runOnlyForDeploymentPostprocessing = 0;
		};
/* End PBXSourcesBuildPhase section */

/* Begin PBXTargetDependency section */
		218E93FE1C9799ED005C4F35 /* PBXTargetDependency */ = {
			isa = PBXTargetDependency;
			target = 218E93E71C9799ED005C4F35 /* PCE相机 */;
			targetProxy = 218E93FD1C9799ED005C4F35 /* PBXContainerItemProxy */;
		};
		218E94091C9799ED005C4F35 /* PBXTargetDependency */ = {
			isa = PBXTargetDependency;
			target = 218E93E71C9799ED005C4F35 /* PCE相机 */;
			targetProxy = 218E94081C9799ED005C4F35 /* PBXContainerItemProxy */;
		};
/* End PBXTargetDependency section */

/* Begin PBXVariantGroup section */
		218E93EF1C9799ED005C4F35 /* Main.storyboard */ = {
			isa = PBXVariantGroup;
			children = (
				218E93F01C9799ED005C4F35 /* Base */,
			);
			name = Main.storyboard;
			sourceTree = "<group>";
		};
		218E93F41C9799ED005C4F35 /* LaunchScreen.storyboard */ = {
			isa = PBXVariantGroup;
			children = (
				218E93F51C9799ED005C4F35 /* Base */,
			);
			name = LaunchScreen.storyboard;
			sourceTree = "<group>";
		};
/* End PBXVariantGroup section */

/* Begin XCBuildConfiguration section */
		218E940E1C9799ED005C4F35 /* Debug */ = {
			isa = XCBuildConfiguration;
			buildSettings = {
				ALWAYS_SEARCH_USER_PATHS = NO;
				CLANG_CXX_LANGUAGE_STANDARD = "gnu++0x";
				CLANG_CXX_LIBRARY = "libc++";
				CLANG_ENABLE_MODULES = YES;
				CLANG_ENABLE_OBJC_ARC = YES;
				CLANG_WARN_BOOL_CONVERSION = YES;
				CLANG_WARN_CONSTANT_CONVERSION = YES;
				CLANG_WARN_DIRECT_OBJC_ISA_USAGE = YES_ERROR;
				CLANG_WARN_EMPTY_BODY = YES;
				CLANG_WARN_ENUM_CONVERSION = YES;
				CLANG_WARN_INT_CONVERSION = YES;
				CLANG_WARN_OBJC_ROOT_CLASS = YES_ERROR;
				CLANG_WARN_UNREACHABLE_CODE = YES;
				CLANG_WARN__DUPLICATE_METHOD_MATCH = YES;
				"CODE_SIGN_IDENTITY[sdk=iphoneos*]" = "iPhone Developer";
				COPY_PHASE_STRIP = NO;
				DEBUG_INFORMATION_FORMAT = dwarf;
				ENABLE_STRICT_OBJC_MSGSEND = YES;
				ENABLE_TESTABILITY = YES;
				GCC_C_LANGUAGE_STANDARD = gnu99;
				GCC_DYNAMIC_NO_PIC = NO;
				GCC_NO_COMMON_BLOCKS = YES;
				GCC_OPTIMIZATION_LEVEL = 0;
				GCC_PREPROCESSOR_DEFINITIONS = (
					"DEBUG=1",
					"$(inherited)",
				);
				GCC_WARN_64_TO_32_BIT_CONVERSION = YES;
				GCC_WARN_ABOUT_RETURN_TYPE = YES_ERROR;
				GCC_WARN_UNDECLARED_SELECTOR = YES;
				GCC_WARN_UNINITIALIZED_AUTOS = YES_AGGRESSIVE;
				GCC_WARN_UNUSED_FUNCTION = YES;
				GCC_WARN_UNUSED_VARIABLE = YES;
				IPHONEOS_DEPLOYMENT_TARGET = 9.2;
				MTL_ENABLE_DEBUG_INFO = YES;
				ONLY_ACTIVE_ARCH = YES;
				SDKROOT = iphoneos;
				SWIFT_OPTIMIZATION_LEVEL = "-Onone";
			};
			name = Debug;
		};
		218E940F1C9799ED005C4F35 /* Release */ = {
			isa = XCBuildConfiguration;
			buildSettings = {
				ALWAYS_SEARCH_USER_PATHS = NO;
				CLANG_CXX_LANGUAGE_STANDARD = "gnu++0x";
				CLANG_CXX_LIBRARY = "libc++";
				CLANG_ENABLE_MODULES = YES;
				CLANG_ENABLE_OBJC_ARC = YES;
				CLANG_WARN_BOOL_CONVERSION = YES;
				CLANG_WARN_CONSTANT_CONVERSION = YES;
				CLANG_WARN_DIRECT_OBJC_ISA_USAGE = YES_ERROR;
				CLANG_WARN_EMPTY_BODY = YES;
				CLANG_WARN_ENUM_CONVERSION = YES;
				CLANG_WARN_INT_CONVERSION = YES;
				CLANG_WARN_OBJC_ROOT_CLASS = YES_ERROR;
				CLANG_WARN_UNREACHABLE_CODE = YES;
				CLANG_WARN__DUPLICATE_METHOD_MATCH = YES;
				"CODE_SIGN_IDENTITY[sdk=iphoneos*]" = "iPhone Developer";
				COPY_PHASE_STRIP = NO;
				DEBUG_INFORMATION_FORMAT = "dwarf-with-dsym";
				ENABLE_NS_ASSERTIONS = NO;
				ENABLE_STRICT_OBJC_MSGSEND = YES;
				GCC_C_LANGUAGE_STANDARD = gnu99;
				GCC_NO_COMMON_BLOCKS = YES;
				GCC_WARN_64_TO_32_BIT_CONVERSION = YES;
				GCC_WARN_ABOUT_RETURN_TYPE = YES_ERROR;
				GCC_WARN_UNDECLARED_SELECTOR = YES;
				GCC_WARN_UNINITIALIZED_AUTOS = YES_AGGRESSIVE;
				GCC_WARN_UNUSED_FUNCTION = YES;
				GCC_WARN_UNUSED_VARIABLE = YES;
				IPHONEOS_DEPLOYMENT_TARGET = 9.2;
				MTL_ENABLE_DEBUG_INFO = NO;
				SDKROOT = iphoneos;
				VALIDATE_PRODUCT = YES;
			};
			name = Release;
		};
		218E94111C9799ED005C4F35 /* Debug */ = {
			isa = XCBuildConfiguration;
			buildSettings = {
				ASSETCATALOG_COMPILER_APPICON_NAME = AppIcon;
				ASSETCATALOG_COMPILER_LAUNCHIMAGE_NAME = LaunchImage;
				CLANG_ENABLE_MODULES = YES;
				CODE_SIGN_IDENTITY = "iPhone Developer";
				"CODE_SIGN_IDENTITY[sdk=iphoneos*]" = "iPhone Developer";
				FRAMEWORK_SEARCH_PATHS = (
					"$(inherited)",
					"$(PROJECT_DIR)",
					"$(PROJECT_DIR)/PCEv1.0.4",
				);
				INFOPLIST_FILE = PCEv1.0.4/Info.plist;
				IPHONEOS_DEPLOYMENT_TARGET = 9.2;
				LD_RUNPATH_SEARCH_PATHS = "$(inherited) @executable_path/Frameworks";
				PRODUCT_BUNDLE_IDENTIFIER = "pce-org.PCEv2-0-1";
				PRODUCT_NAME = "PCE相机";
				PROVISIONING_PROFILE = "";
				SWIFT_OBJC_BRIDGING_HEADER = "PCEv1.0.4/PCEv1.0.4-Bridging-Header.h";
				SWIFT_OPTIMIZATION_LEVEL = "-Onone";
			};
			name = Debug;
		};
		218E94121C9799ED005C4F35 /* Release */ = {
			isa = XCBuildConfiguration;
			buildSettings = {
				ASSETCATALOG_COMPILER_APPICON_NAME = AppIcon;
				ASSETCATALOG_COMPILER_LAUNCHIMAGE_NAME = LaunchImage;
				CLANG_ENABLE_MODULES = YES;
				CODE_SIGN_IDENTITY = "iPhone Developer";
				"CODE_SIGN_IDENTITY[sdk=iphoneos*]" = "iPhone Developer";
				FRAMEWORK_SEARCH_PATHS = (
					"$(inherited)",
					"$(PROJECT_DIR)",
					"$(PROJECT_DIR)/PCEv1.0.4",
				);
				INFOPLIST_FILE = PCEv1.0.4/Info.plist;
				IPHONEOS_DEPLOYMENT_TARGET = 9.2;
				LD_RUNPATH_SEARCH_PATHS = "$(inherited) @executable_path/Frameworks";
				PRODUCT_BUNDLE_IDENTIFIER = "pce-org.PCEv2-0-1";
				PRODUCT_NAME = "PCE相机";
				PROVISIONING_PROFILE = "";
				SWIFT_OBJC_BRIDGING_HEADER = "PCEv1.0.4/PCEv1.0.4-Bridging-Header.h";
			};
			name = Release;
		};
		218E94141C9799ED005C4F35 /* Debug */ = {
			isa = XCBuildConfiguration;
			buildSettings = {
				BUNDLE_LOADER = "$(TEST_HOST)";
				INFOPLIST_FILE = PCEv1.0.4Tests/Info.plist;
				LD_RUNPATH_SEARCH_PATHS = "$(inherited) @executable_path/Frameworks @loader_path/Frameworks";
				PRODUCT_BUNDLE_IDENTIFIER = "pce-org.PCEv1-0-4Tests";
				PRODUCT_NAME = "PCE相机";
				TEST_HOST = "$(BUILT_PRODUCTS_DIR)/PCE相机.app/PCE相机";
			};
			name = Debug;
		};
		218E94151C9799ED005C4F35 /* Release */ = {
			isa = XCBuildConfiguration;
			buildSettings = {
				BUNDLE_LOADER = "$(TEST_HOST)";
				INFOPLIST_FILE = PCEv1.0.4Tests/Info.plist;
				LD_RUNPATH_SEARCH_PATHS = "$(inherited) @executable_path/Frameworks @loader_path/Frameworks";
				PRODUCT_BUNDLE_IDENTIFIER = "pce-org.PCEv1-0-4Tests";
				PRODUCT_NAME = "PCE相机";
				TEST_HOST = "$(BUILT_PRODUCTS_DIR)/PCE相机.app/PCE相机";
			};
			name = Release;
		};
		218E94171C9799ED005C4F35 /* Debug */ = {
			isa = XCBuildConfiguration;
			buildSettings = {
				INFOPLIST_FILE = PCEv1.0.4UITests/Info.plist;
				LD_RUNPATH_SEARCH_PATHS = "$(inherited) @executable_path/Frameworks @loader_path/Frameworks";
				PRODUCT_BUNDLE_IDENTIFIER = "pce-org.PCEv1-0-4UITests";
				PRODUCT_NAME = "PCE相机";
				TEST_TARGET_NAME = PCEv1.0.4;
				USES_XCTRUNNER = YES;
			};
			name = Debug;
		};
		218E94181C9799ED005C4F35 /* Release */ = {
			isa = XCBuildConfiguration;
			buildSettings = {
				INFOPLIST_FILE = PCEv1.0.4UITests/Info.plist;
				LD_RUNPATH_SEARCH_PATHS = "$(inherited) @executable_path/Frameworks @loader_path/Frameworks";
				PRODUCT_BUNDLE_IDENTIFIER = "pce-org.PCEv1-0-4UITests";
				PRODUCT_NAME = "PCE相机";
				TEST_TARGET_NAME = PCEv1.0.4;
				USES_XCTRUNNER = YES;
			};
			name = Release;
		};
/* End XCBuildConfiguration section */

/* Begin XCConfigurationList section */
		218E93E31C9799ED005C4F35 /* Build configuration list for PBXProject "PCE相机" */ = {
			isa = XCConfigurationList;
			buildConfigurations = (
				218E940E1C9799ED005C4F35 /* Debug */,
				218E940F1C9799ED005C4F35 /* Release */,
			);
			defaultConfigurationIsVisible = 0;
			defaultConfigurationName = Release;
		};
		218E94101C9799ED005C4F35 /* Build configuration list for PBXNativeTarget "PCE相机" */ = {
			isa = XCConfigurationList;
			buildConfigurations = (
				218E94111C9799ED005C4F35 /* Debug */,
				218E94121C9799ED005C4F35 /* Release */,
			);
			defaultConfigurationIsVisible = 0;
			defaultConfigurationName = Release;
		};
		218E94131C9799ED005C4F35 /* Build configuration list for PBXNativeTarget "PCE相机Tests" */ = {
			isa = XCConfigurationList;
			buildConfigurations = (
				218E94141C9799ED005C4F35 /* Debug */,
				218E94151C9799ED005C4F35 /* Release */,
			);
			defaultConfigurationIsVisible = 0;
			defaultConfigurationName = Release;
		};
		218E94161C9799ED005C4F35 /* Build configuration list for PBXNativeTarget "PCE相机UITests" */ = {
			isa = XCConfigurationList;
			buildConfigurations = (
				218E94171C9799ED005C4F35 /* Debug */,
				218E94181C9799ED005C4F35 /* Release */,
			);
			defaultConfigurationIsVisible = 0;
			defaultConfigurationName = Release;
		};
/* End XCConfigurationList section */
	};
	rootObject = 218E93E01C9799ED005C4F35 /* Project object */;
}
